
Microsoft Visual Studio Solution File, Format Version 12.00
# Visual Studio Version 17
VisualStudioVersion = 17.4.33213.308
MinimumVisualStudioVersion = 10.0.40219.1
Project("{FAE04EC0-301F-11D3-BF4B-00C04F79EFBC}") = "PromptEngineeringWithDalleWebApp", "PromptEngineeringWithDalleWebApp\PromptEngineeringWithDalleWebApp.csproj", "{CD22085A-EE95-47DB-98E8-29560BC2BE8F}"
EndProject
Global
	GlobalSection(SolutionConfigurationPlatforms) = preSolution
		Debug|Any CPU = Debug|Any CPU
		Release|Any CPU = Release|Any CPU
	EndGlobalSection
	GlobalSection(ProjectConfigurationPlatforms) = postSolution
		{CD22085A-EE95-47DB-98E8-29560BC2BE8F}.Debug|Any CPU.ActiveCfg = Debug|Any CPU
		{CD22085A-EE95-47DB-98E8-29560BC2BE8F}.Debug|Any CPU.Build.0 = Debug|Any CPU
		{CD22085A-EE95-47DB-98E8-29560BC2BE8F}.Release|Any CPU.ActiveCfg = Release|Any CPU
		{CD22085A-EE95-47DB-98E8-29560BC2BE8F}.Release|Any CPU.Build.0 = Release|Any CPU
	EndGlobalSection
	GlobalSection(SolutionProperties) = preSolution
		HideSolutionNode = FALSE
	EndGlobalSection
	GlobalSection(ExtensibilityGlobals) = postSolution
		SolutionGuid = {522FFB4A-64C9-4A9E-A9E5-364AA9CA5E2A}
	EndGlobalSection
EndGlobal
